
Microsoft Visual Studio Solution File, Format Version 12.00
# Visual Studio Version 16
VisualStudioVersion = 16.0.29009.5
MinimumVisualStudioVersion = 10.0.40219.1
Project("{FAE04EC0-301F-11D3-BF4B-00C04F79EFBC}") = "LTLMastery.Web", "LTLMastery.Web\LTLMastery.Web.csproj", "{1454991C-3AD8-4CC8-87BA-ACE65D66E21B}"
EndProject
Global
	GlobalSection(SolutionConfigurationPlatforms) = preSolution
		Debug|Any CPU = Debug|Any CPU
		Release|Any CPU = Release|Any CPU
	EndGlobalSection
	GlobalSection(ProjectConfigurationPlatforms) = postSolution
		{1454991C-3AD8-4CC8-87BA-ACE65D66E21B}.Debug|Any CPU.ActiveCfg = Debug|Any CPU
		{1454991C-3AD8-4CC8-87BA-ACE65D66E21B}.Debug|Any CPU.Build.0 = Debug|Any CPU
		{1454991C-3AD8-4CC8-87BA-ACE65D66E21B}.Release|Any CPU.ActiveCfg = Release|Any CPU
		{1454991C-3AD8-4CC8-87BA-ACE65D66E21B}.Release|Any CPU.Build.0 = Release|Any CPU
	EndGlobalSection
	GlobalSection(SolutionProperties) = preSolution
		HideSolutionNode = FALSE
	EndGlobalSection
	GlobalSection(ExtensibilityGlobals) = postSolution
		SolutionGuid = {2AB3C032-5C20-4B75-9614-BBAD79D78324}
	EndGlobalSection
EndGlobal
